// !$*UTF8*$!
{
	archiveVersion = 1;
	classes = {
	};
	objectVersion = 46;
	objects = {

/* Begin PBXBuildFile section */
		950E3BC31CE3B5B6002AF05D /* AppDelegate.swift in Sources */ = {isa = PBXBuildFile; fileRef = 950E3BC21CE3B5B6002AF05D /* AppDelegate.swift */; };
		950E3BC51CE3B5B6002AF05D /* ViewController.swift in Sources */ = {isa = PBXBuildFile; fileRef = 950E3BC41CE3B5B6002AF05D /* ViewController.swift */; };
		950E3BC81CE3B5B6002AF05D /* Main.storyboard in Resources */ = {isa = PBXBuildFile; fileRef = 950E3BC61CE3B5B6002AF05D /* Main.storyboard */; };
		950E3BCB1CE3B5B6002AF05D /* TickrApp.xcdatamodeld in Sources */ = {isa = PBXBuildFile; fileRef = 950E3BC91CE3B5B6002AF05D /* TickrApp.xcdatamodeld */; };
		950E3BCD1CE3B5B6002AF05D /* Assets.xcassets in Resources */ = {isa = PBXBuildFile; fileRef = 950E3BCC1CE3B5B6002AF05D /* Assets.xcassets */; };
		950E3BD01CE3B5B6002AF05D /* LaunchScreen.storyboard in Resources */ = {isa = PBXBuildFile; fileRef = 950E3BCE1CE3B5B6002AF05D /* LaunchScreen.storyboard */; };
/* End PBXBuildFile section */

/* Begin PBXFileReference section */
		950E3BBF1CE3B5B5002AF05D /* TickrApp.app */ = {isa = PBXFileReference; explicitFileType = wrapper.application; includeInIndex = 0; path = TickrApp.app; sourceTree = BUILT_PRODUCTS_DIR; };
		950E3BC21CE3B5B6002AF05D /* AppDelegate.swift */ = {isa = PBXFileReference; lastKnownFileType = sourcecode.swift; path = AppDelegate.swift; sourceTree = "<group>"; };
		950E3BC41CE3B5B6002AF05D /* ViewController.swift */ = {isa = PBXFileReference; lastKnownFileType = sourcecode.swift; path = ViewController.swift; sourceTree = "<group>"; };
		950E3BC71CE3B5B6002AF05D /* Base */ = {isa = PBXFileReference; lastKnownFileType = file.storyboard; name = Base; path = Base.lproj/Main.storyboard; sourceTree = "<group>"; };
		950E3BCA1CE3B5B6002AF05D /* TickrApp.xcdatamodel */ = {isa = PBXFileReference; lastKnownFileType = wrapper.xcdatamodel; path = TickrApp.xcdatamodel; sourceTree = "<group>"; };
		950E3BCC1CE3B5B6002AF05D /* Assets.xcassets */ = {isa = PBXFileReference; lastKnownFileType = folder.assetcatalog; path = Assets.xcassets; sourceTree = "<group>"; };
		950E3BCF1CE3B5B6002AF05D /* Base */ = {isa = PBXFileReference; lastKnownFileType = file.storyboard; name = Base; path = Base.lproj/LaunchScreen.storyboard; sourceTree = "<group>"; };
		950E3BD11CE3B5B6002AF05D /* Info.plist */ = {isa = PBXFileReference; lastKnownFileType = text.plist.xml; path = Info.plist; sourceTree = "<group>"; };
/* End PBXFileReference section */

/* Begin PBXFrameworksBuildPhase section */
		950E3BBC1CE3B5B5002AF05D /* Frameworks */ = {
			isa = PBXFrameworksBuildPhase;
			buildActionMask = 2147483647;
			files = (
			);
			runOnlyForDeploymentPostprocessing = 0;
		};
/* End PBXFrameworksBuildPhase section */

/* Begin PBXGroup section */
		950E3BB61CE3B5B4002AF05D = {
			isa = PBXGroup;
			children = (
				950E3BC11CE3B5B6002AF05D /* TickrApp */,
				950E3BC01CE3B5B5002AF05D /* Products */,
			);
			sourceTree = "<group>";
		};
		950E3BC01CE3B5B5002AF05D /* Products */ = {
			isa = PBXGroup;
			children = (
				950E3BBF1CE3B5B5002AF05D /* TickrApp.app */,
			);
			name = Products;
			sourceTree = "<group>";
		};
		950E3BC11CE3B5B6002AF05D /* TickrApp */ = {
			isa = PBXGroup;
			children = (
				950E3BC21CE3B5B6002AF05D /* AppDelegate.swift */,
				950E3BC41CE3B5B6002AF05D /* ViewController.swift */,
				950E3BC61CE3B5B6002AF05D /* Main.storyboard */,
				950E3BCC1CE3B5B6002AF05D /* Assets.xcassets */,
				950E3BCE1CE3B5B6002AF05D /* LaunchScreen.storyboard */,
				950E3BD11CE3B5B6002AF05D /* Info.plist */,
				950E3BC91CE3B5B6002AF05D /* TickrApp.xcdatamodeld */,
			);
			path = TickrApp;
			sourceTree = "<group>";
		};
/* End PBXGroup section */

/* Begin PBXNativeTarget section */
		950E3BBE1CE3B5B5002AF05D /* TickrApp */ = {
			isa = PBXNativeTarget;
			buildConfigurationList = 950E3BD41CE3B5B6002AF05D /* Build configuration list for PBXNativeTarget "TickrApp" */;
			buildPhases = (
				950E3BBB1CE3B5B5002AF05D /* Sources */,
				950E3BBC1CE3B5B5002AF05D /* Frameworks */,
				950E3BBD1CE3B5B5002AF05D /* Resources */,
			);
			buildRules = (
			);
			dependencies = (
			);
			name = TickrApp;
			productName = TickrApp;
			productReference = 950E3BBF1CE3B5B5002AF05D /* TickrApp.app */;
			productType = "com.apple.product-type.application";
		};
/* End PBXNativeTarget section */

/* Begin PBXProject section */
		950E3BB71CE3B5B5002AF05D /* Project object */ = {
			isa = PBXProject;
			attributes = {
				LastSwiftUpdateCheck = 0730;
				LastUpgradeCheck = 0730;
				ORGANIZATIONNAME = "Simon Bessey";
				TargetAttributes = {
					950E3BBE1CE3B5B5002AF05D = {
						CreatedOnToolsVersion = 7.3;
					};
				};
			};
			buildConfigurationList = 950E3BBA1CE3B5B5002AF05D /* Build configuration list for PBXProject "TickrApp" */;
			compatibilityVersion = "Xcode 3.2";
			developmentRegion = English;
			hasScannedForEncodings = 0;
			knownRegions = (
				en,
				Base,
			);
			mainGroup = 950E3BB61CE3B5B4002AF05D;
			productRefGroup = 950E3BC01CE3B5B5002AF05D /* Products */;
			projectDirPath = "";
			projectRoot = "";
			targets = (
				950E3BBE1CE3B5B5002AF05D /* TickrApp */,
			);
		};
/* End PBXProject section */

/* Begin PBXResourcesBuildPhase section */
		950E3BBD1CE3B5B5002AF05D /* Resources */ = {
			isa = PBXResourcesBuildPhase;
			buildActionMask = 2147483647;
			files = (
				950E3BD01CE3B5B6002AF05D /* LaunchScreen.storyboard in Resources */,
				950E3BCD1CE3B5B6002AF05D /* Assets.xcassets in Resources */,
				950E3BC81CE3B5B6002AF05D /* Main.storyboard in Resources */,
			);
			runOnlyForDeploymentPostprocessing = 0;
		};
/* End PBXResourcesBuildPhase section */

/* Begin PBXSourcesBuildPhase section */
		950E3BBB1CE3B5B5002AF05D /* Sources */ = {
			isa = PBXSourcesBuildPhase;
			buildActionMask = 2147483647;
			files = (
				950E3BC51CE3B5B6002AF05D /* ViewController.swift in Sources */,
				950E3BCB1CE3B5B6002AF05D /* TickrApp.xcdatamodeld in Sources */,
				950E3BC31CE3B5B6002AF05D /* AppDelegate.swift in Sources */,
			);
			runOnlyForDeploymentPostprocessing = 0;
		};
/* End PBXSourcesBuildPhase section */

/* Begin PBXVariantGroup section */
		950E3BC61CE3B5B6002AF05D /* Main.storyboard */ = {
			isa = PBXVariantGroup;
			children = (
				950E3BC71CE3B5B6002AF05D /* Base */,
			);
			name = Main.storyboard;
			sourceTree = "<group>";
		};
		950E3BCE1CE3B5B6002AF05D /* LaunchScreen.storyboard */ = {
			isa = PBXVariantGroup;
			children = (
				950E3BCF1CE3B5B6002AF05D /* Base */,
			);
			name = LaunchScreen.storyboard;
			sourceTree = "<group>";
		};
/* End PBXVariantGroup section */

/* Begin XCBuildConfiguration section */
		950E3BD21CE3B5B6002AF05D /* Debug */ = {
			isa = XCBuildConfiguration;
			buildSettings = {
				ALWAYS_SEARCH_USER_PATHS = NO;
				CLANG_ANALYZER_NONNULL = YES;
				CLANG_CXX_LANGUAGE_STANDARD = "gnu++0x";
				CLANG_CXX_LIBRARY = "libc++";
				CLANG_ENABLE_MODULES = YES;
				CLANG_ENABLE_OBJC_ARC = YES;
				CLANG_WARN_BOOL_CONVERSION = YES;
				CLANG_WARN_CONSTANT_CONVERSION = YES;
				CLANG_WARN_DIRECT_OBJC_ISA_USAGE = YES_ERROR;
				CLANG_WARN_EMPTY_BODY = YES;
				CLANG_WARN_ENUM_CONVERSION = YES;
				CLANG_WARN_INT_CONVERSION = YES;
				CLANG_WARN_OBJC_ROOT_CLASS = YES_ERROR;
				CLANG_WARN_UNREACHABLE_CODE = YES;
				CLANG_WARN__DUPLICATE_METHOD_MATCH = YES;
				"CODE_SIGN_IDENTITY[sdk=iphoneos*]" = "iPhone Developer";
				COPY_PHASE_STRIP = NO;
				DEBUG_INFORMATION_FORMAT = dwarf;
				ENABLE_STRICT_OBJC_MSGSEND = YES;
				ENABLE_TESTABILITY = YES;
				GCC_C_LANGUAGE_STANDARD = gnu99;
				GCC_DYNAMIC_NO_PIC = NO;
				GCC_NO_COMMON_BLOCKS = YES;
				GCC_OPTIMIZATION_LEVEL = 0;
				GCC_PREPROCESSOR_DEFINITIONS = (
					"DEBUG=1",
					"$(inherited)",
				);
				GCC_WARN_64_TO_32_BIT_CONVERSION = YES;
				GCC_WARN_ABOUT_RETURN_TYPE = YES_ERROR;
				GCC_WARN_UNDECLARED_SELECTOR = YES;
				GCC_WARN_UNINITIALIZED_AUTOS = YES_AGGRESSIVE;
				GCC_WARN_UNUSED_FUNCTION = YES;
				GCC_WARN_UNUSED_VARIABLE = YES;
				IPHONEOS_DEPLOYMENT_TARGET = 9.3;
				MTL_ENABLE_DEBUG_INFO = YES;
				ONLY_ACTIVE_ARCH = YES;
				SDKROOT = iphoneos;
				SWIFT_OPTIMIZATION_LEVEL = "-Onone";
				TARGETED_DEVICE_FAMILY = "1,2";
			};
			name = Debug;
		};
		950E3BD31CE3B5B6002AF05D /* Release */ = {
			isa = XCBuildConfiguration;
			buildSettings = {
				ALWAYS_SEARCH_USER_PATHS = NO;
				CLANG_ANALYZER_NONNULL = YES;
				CLANG_CXX_LANGUAGE_STANDARD = "gnu++0x";
				CLANG_CXX_LIBRARY = "libc++";
				CLANG_ENABLE_MODULES = YES;
				CLANG_ENABLE_OBJC_ARC = YES;
				CLANG_WARN_BOOL_CONVERSION = YES;
				CLANG_WARN_CONSTANT_CONVERSION = YES;
				CLANG_WARN_DIRECT_OBJC_ISA_USAGE = YES_ERROR;
				CLANG_WARN_EMPTY_BODY = YES;
				CLANG_WARN_ENUM_CONVERSION = YES;
				CLANG_WARN_INT_CONVERSION = YES;
				CLANG_WARN_OBJC_ROOT_CLASS = YES_ERROR;
				CLANG_WARN_UNREACHABLE_CODE = YES;
				CLANG_WARN__DUPLICATE_METHOD_MATCH = YES;
				"CODE_SIGN_IDENTITY[sdk=iphoneos*]" = "iPhone Developer";
				COPY_PHASE_STRIP = NO;
				DEBUG_INFORMATION_FORMAT = "dwarf-with-dsym";
				ENABLE_NS_ASSERTIONS = NO;
				ENABLE_STRICT_OBJC_MSGSEND = YES;
				GCC_C_LANGUAGE_STANDARD = gnu99;
				GCC_NO_COMMON_BLOCKS = YES;
				GCC_WARN_64_TO_32_BIT_CONVERSION = YES;
				GCC_WARN_ABOUT_RETURN_TYPE = YES_ERROR;
				GCC_WARN_UNDECLARED_SELECTOR = YES;
				GCC_WARN_UNINITIALIZED_AUTOS = YES_AGGRESSIVE;
				GCC_WARN_UNUSED_FUNCTION = YES;
				GCC_WARN_UNUSED_VARIABLE = YES;
				IPHONEOS_DEPLOYMENT_TARGET = 9.3;
				MTL_ENABLE_DEBUG_INFO = NO;
				SDKROOT = iphoneos;
				TARGETED_DEVICE_FAMILY = "1,2";
				VALIDATE_PRODUCT = YES;
			};
			name = Release;
		};
		950E3BD51CE3B5B6002AF05D /* Debug */ = {
			isa = XCBuildConfiguration;
			buildSettings = {
				ASSETCATALOG_COMPILER_APPICON_NAME = AppIcon;
				INFOPLIST_FILE = TickrApp/Info.plist;
				LD_RUNPATH_SEARCH_PATHS = "$(inherited) @executable_path/Frameworks";
				PRODUCT_BUNDLE_IDENTIFIER = com.example.App.TickrApp;
				PRODUCT_NAME = "$(TARGET_NAME)";
			};
			name = Debug;
		};
		950E3BD61CE3B5B6002AF05D /* Release */ = {
			isa = XCBuildConfiguration;
			buildSettings = {
				ASSETCATALOG_COMPILER_APPICON_NAME = AppIcon;
				INFOPLIST_FILE = TickrApp/Info.plist;
				LD_RUNPATH_SEARCH_PATHS = "$(inherited) @executable_path/Frameworks";
				PRODUCT_BUNDLE_IDENTIFIER = com.example.App.TickrApp;
				PRODUCT_NAME = "$(TARGET_NAME)";
			};
			name = Release;
		};
/* End XCBuildConfiguration section */

/* Begin XCConfigurationList section */
		950E3BBA1CE3B5B5002AF05D /* Build configuration list for PBXProject "TickrApp" */ = {
			isa = XCConfigurationList;
			buildConfigurations = (
				950E3BD21CE3B5B6002AF05D /* Debug */,
				950E3BD31CE3B5B6002AF05D /* Release */,
			);
			defaultConfigurationIsVisible = 0;
			defaultConfigurationName = Release;
		};
		950E3BD41CE3B5B6002AF05D /* Build configuration list for PBXNativeTarget "TickrApp" */ = {
			isa = XCConfigurationList;
			buildConfigurations = (
				950E3BD51CE3B5B6002AF05D /* Debug */,
				950E3BD61CE3B5B6002AF05D /* Release */,
			);
			defaultConfigurationIsVisible = 0;
		};
/* End XCConfigurationList section */

/* Begin XCVersionGroup section */
		950E3BC91CE3B5B6002AF05D /* TickrApp.xcdatamodeld */ = {
			isa = XCVersionGroup;
			children = (
				950E3BCA1CE3B5B6002AF05D /* TickrApp.xcdatamodel */,
			);
			currentVersion = 950E3BCA1CE3B5B6002AF05D /* TickrApp.xcdatamodel */;
			path = TickrApp.xcdatamodeld;
			sourceTree = "<group>";
			versionGroupType = wrapper.xcdatamodel;
		};
/* End XCVersionGroup section */
	};
	rootObject = 950E3BB71CE3B5B5002AF05D /* Project object */;
}
